
Microsoft Visual Studio Solution File, Format Version 12.00
# Visual Studio Version 16
VisualStudioVersion = 16.0.29319.158
MinimumVisualStudioVersion = 10.0.40219.1
Project("{9A19103F-16F7-4668-BE54-9A1E7A4F7556}") = "FlysasClient", "FlysasClient\FlysasClient.csproj", "{AF614C6E-1008-4CB3-B9A2-BCA11A1C73A4}"
EndProject
Project("{9A19103F-16F7-4668-BE54-9A1E7A4F7556}") = "FlysasLib", "FlysasLib\FlysasLib.csproj", "{DC485D37-1B1E-47E4-8991-7692386FE01C}"
EndProject
Project("{9A19103F-16F7-4668-BE54-9A1E7A4F7556}") = "OpenFlightsData", "OpenFlightsData\OpenFlightsData.csproj", "{1280AEC3-99FE-4519-878C-62621F630507}"
EndProject
Project("{9A19103F-16F7-4668-BE54-9A1E7A4F7556}") = "AwardData", "AwardData\AwardData.csproj", "{0A0FB51B-BAF4-40B8-A87C-81F9BC35B7D3}"
EndProject
Project("{9A19103F-16F7-4668-BE54-9A1E7A4F7556}") = "AwardWeb", "AwardWeb\AwardWeb.csproj", "{465EA747-889F-4832-852F-4B68E7BFBF02}"
EndProject
Global
	GlobalSection(SolutionConfigurationPlatforms) = preSolution
		Debug|Any CPU = Debug|Any CPU
		Debug|x64 = Debug|x64
		Debug|x86 = Debug|x86
		Release|Any CPU = Release|Any CPU
		Release|x64 = Release|x64
		Release|x86 = Release|x86
	EndGlobalSection
	GlobalSection(ProjectConfigurationPlatforms) = postSolution
		{AF614C6E-1008-4CB3-B9A2-BCA11A1C73A4}.Debug|Any CPU.ActiveCfg = Debug|Any CPU
		{AF614C6E-1008-4CB3-B9A2-BCA11A1C73A4}.Debug|Any CPU.Build.0 = Debug|Any CPU
		{AF614C6E-1008-4CB3-B9A2-BCA11A1C73A4}.Debug|x64.ActiveCfg = Debug|Any CPU
		{AF614C6E-1008-4CB3-B9A2-BCA11A1C73A4}.Debug|x64.Build.0 = Debug|Any CPU
		{AF614C6E-1008-4CB3-B9A2-BCA11A1C73A4}.Debug|x86.ActiveCfg = Debug|Any CPU
		{AF614C6E-1008-4CB3-B9A2-BCA11A1C73A4}.Debug|x86.Build.0 = Debug|Any CPU
		{AF614C6E-1008-4CB3-B9A2-BCA11A1C73A4}.Release|Any CPU.ActiveCfg = Release|Any CPU
		{AF614C6E-1008-4CB3-B9A2-BCA11A1C73A4}.Release|Any CPU.Build.0 = Release|Any CPU
		{AF614C6E-1008-4CB3-B9A2-BCA11A1C73A4}.Release|x64.ActiveCfg = Release|Any CPU
		{AF614C6E-1008-4CB3-B9A2-BCA11A1C73A4}.Release|x64.Build.0 = Release|Any CPU
		{AF614C6E-1008-4CB3-B9A2-BCA11A1C73A4}.Release|x86.ActiveCfg = Release|Any CPU
		{AF614C6E-1008-4CB3-B9A2-BCA11A1C73A4}.Release|x86.Build.0 = Release|Any CPU
		{DC485D37-1B1E-47E4-8991-7692386FE01C}.Debug|Any CPU.ActiveCfg = Debug|Any CPU
		{DC485D37-1B1E-47E4-8991-7692386FE01C}.Debug|Any CPU.Build.0 = Debug|Any CPU
		{DC485D37-1B1E-47E4-8991-7692386FE01C}.Debug|x64.ActiveCfg = Debug|Any CPU
		{DC485D37-1B1E-47E4-8991-7692386FE01C}.Debug|x64.Build.0 = Debug|Any CPU
		{DC485D37-1B1E-47E4-8991-7692386FE01C}.Debug|x86.ActiveCfg = Debug|Any CPU
		{DC485D37-1B1E-47E4-8991-7692386FE01C}.Debug|x86.Build.0 = Debug|Any CPU
		{DC485D37-1B1E-47E4-8991-7692386FE01C}.Release|Any CPU.ActiveCfg = Release|Any CPU
		{DC485D37-1B1E-47E4-8991-7692386FE01C}.Release|Any CPU.Build.0 = Release|Any CPU
		{DC485D37-1B1E-47E4-8991-7692386FE01C}.Release|x64.ActiveCfg = Release|Any CPU
		{DC485D37-1B1E-47E4-8991-7692386FE01C}.Release|x64.Build.0 = Release|Any CPU
		{DC485D37-1B1E-47E4-8991-7692386FE01C}.Release|x86.ActiveCfg = Release|Any CPU
		{DC485D37-1B1E-47E4-8991-7692386FE01C}.Release|x86.Build.0 = Release|Any CPU
		{1280AEC3-99FE-4519-878C-62621F630507}.Debug|Any CPU.ActiveCfg = Debug|Any CPU
		{1280AEC3-99FE-4519-878C-62621F630507}.Debug|Any CPU.Build.0 = Debug|Any CPU
		{1280AEC3-99FE-4519-878C-62621F630507}.Debug|x64.ActiveCfg = Debug|Any CPU
		{1280AEC3-99FE-4519-878C-62621F630507}.Debug|x64.Build.0 = Debug|Any CPU
		{1280AEC3-99FE-4519-878C-62621F630507}.Debug|x86.ActiveCfg = Debug|Any CPU
		{1280AEC3-99FE-4519-878C-62621F630507}.Debug|x86.Build.0 = Debug|Any CPU
		{1280AEC3-99FE-4519-878C-62621F630507}.Release|Any CPU.ActiveCfg = Release|Any CPU
		{1280AEC3-99FE-4519-878C-62621F630507}.Release|Any CPU.Build.0 = Release|Any CPU
		{1280AEC3-99FE-4519-878C-62621F630507}.Release|x64.ActiveCfg = Release|Any CPU
		{1280AEC3-99FE-4519-878C-62621F630507}.Release|x64.Build.0 = Release|Any CPU
		{1280AEC3-99FE-4519-878C-62621F630507}.Release|x86.ActiveCfg = Release|Any CPU
		{1280AEC3-99FE-4519-878C-62621F630507}.Release|x86.Build.0 = Release|Any CPU
		{0A0FB51B-BAF4-40B8-A87C-81F9BC35B7D3}.Debug|Any CPU.ActiveCfg = Debug|Any CPU
		{0A0FB51B-BAF4-40B8-A87C-81F9BC35B7D3}.Debug|Any CPU.Build.0 = Debug|Any CPU
		{0A0FB51B-BAF4-40B8-A87C-81F9BC35B7D3}.Debug|x64.ActiveCfg = Debug|Any CPU
		{0A0FB51B-BAF4-40B8-A87C-81F9BC35B7D3}.Debug|x64.Build.0 = Debug|Any CPU
		{0A0FB51B-BAF4-40B8-A87C-81F9BC35B7D3}.Debug|x86.ActiveCfg = Debug|Any CPU
		{0A0FB51B-BAF4-40B8-A87C-81F9BC35B7D3}.Debug|x86.Build.0 = Debug|Any CPU
		{0A0FB51B-BAF4-40B8-A87C-81F9BC35B7D3}.Release|Any CPU.ActiveCfg = Release|Any CPU
		{0A0FB51B-BAF4-40B8-A87C-81F9BC35B7D3}.Release|Any CPU.Build.0 = Release|Any CPU
		{0A0FB51B-BAF4-40B8-A87C-81F9BC35B7D3}.Release|x64.ActiveCfg = Release|Any CPU
		{0A0FB51B-BAF4-40B8-A87C-81F9BC35B7D3}.Release|x64.Build.0 = Release|Any CPU
		{0A0FB51B-BAF4-40B8-A87C-81F9BC35B7D3}.Release|x86.ActiveCfg = Release|Any CPU
		{0A0FB51B-BAF4-40B8-A87C-81F9BC35B7D3}.Release|x86.Build.0 = Release|Any CPU
		{465EA747-889F-4832-852F-4B68E7BFBF02}.Debug|Any CPU.ActiveCfg = Debug|Any CPU
		{465EA747-889F-4832-852F-4B68E7BFBF02}.Debug|Any CPU.Build.0 = Debug|Any CPU
		{465EA747-889F-4832-852F-4B68E7BFBF02}.Debug|x64.ActiveCfg = Debug|Any CPU
		{465EA747-889F-4832-852F-4B68E7BFBF02}.Debug|x64.Build.0 = Debug|Any CPU
		{465EA747-889F-4832-852F-4B68E7BFBF02}.Debug|x86.ActiveCfg = Debug|Any CPU
		{465EA747-889F-4832-852F-4B68E7BFBF02}.Debug|x86.Build.0 = Debug|Any CPU
		{465EA747-889F-4832-852F-4B68E7BFBF02}.Release|Any CPU.ActiveCfg = Release|Any CPU
		{465EA747-889F-4832-852F-4B68E7BFBF02}.Release|Any CPU.Build.0 = Release|Any CPU
		{465EA747-889F-4832-852F-4B68E7BFBF02}.Release|x64.ActiveCfg = Release|Any CPU
		{465EA747-889F-4832-852F-4B68E7BFBF02}.Release|x64.Build.0 = Release|Any CPU
		{465EA747-889F-4832-852F-4B68E7BFBF02}.Release|x86.ActiveCfg = Release|Any CPU
		{465EA747-889F-4832-852F-4B68E7BFBF02}.Release|x86.Build.0 = Release|Any CPU
	EndGlobalSection
	GlobalSection(SolutionProperties) = preSolution
		HideSolutionNode = FALSE
	EndGlobalSection
	GlobalSection(ExtensibilityGlobals) = postSolution
		SolutionGuid = {97EF5636-8414-474D-8736-E87B51567342}
	EndGlobalSection
EndGlobal
